
Microsoft Visual Studio Solution File, Format Version 12.00
# Visual Studio 2012
Project("{FAE04EC0-301F-11D3-BF4B-00C04F79EFBC}") = "GetEmpresa.GestorFotografico.Mapper", "GetEmpresa.GestorFotografico.Mapeador\GetEmpresa.GestorFotografico.Mapper.csproj", "{F636DFAE-E097-498B-BEF4-B44EB42E2DBF}"
EndProject
Project("{FAE04EC0-301F-11D3-BF4B-00C04F79EFBC}") = "GetEmpresa.Dao", "GetEmpresa.Dao\GetEmpresa.Dao.csproj", "{5A055459-9CBB-4104-9C31-72979AAB8CE6}"
EndProject
Project("{FAE04EC0-301F-11D3-BF4B-00C04F79EFBC}") = "GetEmpresa.Negoc", "GetEmpresa.Negoc\GetEmpresa.Negoc.csproj", "{DECD4EDC-C8F5-4DFB-97FB-ADC4120A8E16}"
EndProject
Project("{FAE04EC0-301F-11D3-BF4B-00C04F79EFBC}") = "MundoDaFoto.Domain", "MundoDaFoto.Dominio\MundoDaFoto.Domain.csproj", "{A13DA329-E174-4CCD-B9F6-D9C13C6C46C4}"
EndProject
Project("{FAE04EC0-301F-11D3-BF4B-00C04F79EFBC}") = "MundoDaFoto.WebMvc4", "MundoDaFoto.WebMvc4\MundoDaFoto.WebMvc4.csproj", "{3C46EAE0-B89F-47AF-8BCC-D47C99717AA9}"
EndProject
Project("{FAE04EC0-301F-11D3-BF4B-00C04F79EFBC}") = "GenericFrameworkNhibernate", "GenericFrameworkNhibernate\GenericFrameworkNhibernate.csproj", "{989DF017-3678-4E01-AB3C-437191A15BD5}"
EndProject
Project("{FAE04EC0-301F-11D3-BF4B-00C04F79EFBC}") = "MundoDaFoto.Helpers", "MundoDaFoto.Helpers\MundoDaFoto.Helpers.csproj", "{F3A892C0-8086-41E3-8640-552B916B9032}"
EndProject
Global
	GlobalSection(SolutionConfigurationPlatforms) = preSolution
		Debug|Any CPU = Debug|Any CPU
		Release|Any CPU = Release|Any CPU
	EndGlobalSection
	GlobalSection(ProjectConfigurationPlatforms) = postSolution
		{F636DFAE-E097-498B-BEF4-B44EB42E2DBF}.Debug|Any CPU.ActiveCfg = Debug|Any CPU
		{F636DFAE-E097-498B-BEF4-B44EB42E2DBF}.Debug|Any CPU.Build.0 = Debug|Any CPU
		{F636DFAE-E097-498B-BEF4-B44EB42E2DBF}.Release|Any CPU.ActiveCfg = Release|Any CPU
		{F636DFAE-E097-498B-BEF4-B44EB42E2DBF}.Release|Any CPU.Build.0 = Release|Any CPU
		{5A055459-9CBB-4104-9C31-72979AAB8CE6}.Debug|Any CPU.ActiveCfg = Debug|Any CPU
		{5A055459-9CBB-4104-9C31-72979AAB8CE6}.Debug|Any CPU.Build.0 = Debug|Any CPU
		{5A055459-9CBB-4104-9C31-72979AAB8CE6}.Release|Any CPU.ActiveCfg = Release|Any CPU
		{5A055459-9CBB-4104-9C31-72979AAB8CE6}.Release|Any CPU.Build.0 = Release|Any CPU
		{DECD4EDC-C8F5-4DFB-97FB-ADC4120A8E16}.Debug|Any CPU.ActiveCfg = Debug|Any CPU
		{DECD4EDC-C8F5-4DFB-97FB-ADC4120A8E16}.Debug|Any CPU.Build.0 = Debug|Any CPU
		{DECD4EDC-C8F5-4DFB-97FB-ADC4120A8E16}.Release|Any CPU.ActiveCfg = Release|Any CPU
		{DECD4EDC-C8F5-4DFB-97FB-ADC4120A8E16}.Release|Any CPU.Build.0 = Release|Any CPU
		{A13DA329-E174-4CCD-B9F6-D9C13C6C46C4}.Debug|Any CPU.ActiveCfg = Debug|Any CPU
		{A13DA329-E174-4CCD-B9F6-D9C13C6C46C4}.Debug|Any CPU.Build.0 = Debug|Any CPU
		{A13DA329-E174-4CCD-B9F6-D9C13C6C46C4}.Release|Any CPU.ActiveCfg = Release|Any CPU
		{A13DA329-E174-4CCD-B9F6-D9C13C6C46C4}.Release|Any CPU.Build.0 = Release|Any CPU
		{3C46EAE0-B89F-47AF-8BCC-D47C99717AA9}.Debug|Any CPU.ActiveCfg = Debug|Any CPU
		{3C46EAE0-B89F-47AF-8BCC-D47C99717AA9}.Debug|Any CPU.Build.0 = Debug|Any CPU
		{3C46EAE0-B89F-47AF-8BCC-D47C99717AA9}.Release|Any CPU.ActiveCfg = Release|Any CPU
		{3C46EAE0-B89F-47AF-8BCC-D47C99717AA9}.Release|Any CPU.Build.0 = Release|Any CPU
		{989DF017-3678-4E01-AB3C-437191A15BD5}.Debug|Any CPU.ActiveCfg = Debug|Any CPU
		{989DF017-3678-4E01-AB3C-437191A15BD5}.Debug|Any CPU.Build.0 = Debug|Any CPU
		{989DF017-3678-4E01-AB3C-437191A15BD5}.Release|Any CPU.ActiveCfg = Release|Any CPU
		{989DF017-3678-4E01-AB3C-437191A15BD5}.Release|Any CPU.Build.0 = Release|Any CPU
		{F3A892C0-8086-41E3-8640-552B916B9032}.Debug|Any CPU.ActiveCfg = Debug|Any CPU
		{F3A892C0-8086-41E3-8640-552B916B9032}.Debug|Any CPU.Build.0 = Debug|Any CPU
		{F3A892C0-8086-41E3-8640-552B916B9032}.Release|Any CPU.ActiveCfg = Release|Any CPU
		{F3A892C0-8086-41E3-8640-552B916B9032}.Release|Any CPU.Build.0 = Release|Any CPU
	EndGlobalSection
	GlobalSection(SolutionProperties) = preSolution
		HideSolutionNode = FALSE
	EndGlobalSection
EndGlobal
